
Microsoft Visual Studio Solution File, Format Version 9.00
# Visual Studio 2005
Project("{E24C65DC-7377-472B-9ABA-BC803B73C61A}") = "E:\...\SysLog\", "E:\svIAD\trunk\Server\store\WebService\SysLog\", "{5E0EEB08-4669-4F24-A6C9-641436F89BF4}"
	ProjectSection(WebsiteProperties) = preProject
		ProjectReferences = "{9A16CEEB-FC26-4D35-8F9E-42DA30212F69}|otp.dll;"
		Debug.AspNetCompiler.VirtualPath = "/WS"
		Debug.AspNetCompiler.PhysicalPath = "E:\svIAD\trunk\Server\store\WebService\SysLog\"
		Debug.AspNetCompiler.TargetPath = "PrecompiledWeb\SysLog\"
		Debug.AspNetCompiler.Updateable = "true"
		Debug.AspNetCompiler.ForceOverwrite = "true"
		Debug.AspNetCompiler.FixedNames = "false"
		Debug.AspNetCompiler.Debug = "True"
		Release.AspNetCompiler.VirtualPath = "/WS"
		Release.AspNetCompiler.PhysicalPath = "E:\svIAD\trunk\Server\store\WebService\SysLog\"
		Release.AspNetCompiler.TargetPath = "PrecompiledWeb\SysLog\"
		Release.AspNetCompiler.Updateable = "true"
		Release.AspNetCompiler.ForceOverwrite = "true"
		Release.AspNetCompiler.FixedNames = "false"
		Release.AspNetCompiler.Debug = "False"
		VWDPort = "3230"
		DefaultWebSiteLanguage = "Visual C#"
	EndProjectSection
EndProject
Project("{FAE04EC0-301F-11D3-BF4B-00C04F79EFBC}") = "Otp", "Otp\Otp.csproj", "{9A16CEEB-FC26-4D35-8F9E-42DA30212F69}"
EndProject
Global
	GlobalSection(SolutionConfigurationPlatforms) = preSolution
		Debug|.NET = Debug|.NET
		Debug|Any CPU = Debug|Any CPU
		Debug|Mixed Platforms = Debug|Mixed Platforms
		Release|.NET = Release|.NET
		Release|Any CPU = Release|Any CPU
		Release|Mixed Platforms = Release|Mixed Platforms
	EndGlobalSection
	GlobalSection(ProjectConfigurationPlatforms) = postSolution
		{5E0EEB08-4669-4F24-A6C9-641436F89BF4}.Debug|.NET.ActiveCfg = Debug|.NET
		{5E0EEB08-4669-4F24-A6C9-641436F89BF4}.Debug|.NET.Build.0 = Debug|.NET
		{5E0EEB08-4669-4F24-A6C9-641436F89BF4}.Debug|Any CPU.ActiveCfg = Debug|.NET
		{5E0EEB08-4669-4F24-A6C9-641436F89BF4}.Debug|Mixed Platforms.ActiveCfg = Debug|.NET
		{5E0EEB08-4669-4F24-A6C9-641436F89BF4}.Debug|Mixed Platforms.Build.0 = Debug|.NET
		{5E0EEB08-4669-4F24-A6C9-641436F89BF4}.Release|.NET.ActiveCfg = Debug|.NET
		{5E0EEB08-4669-4F24-A6C9-641436F89BF4}.Release|.NET.Build.0 = Debug|.NET
		{5E0EEB08-4669-4F24-A6C9-641436F89BF4}.Release|Any CPU.ActiveCfg = Debug|.NET
		{5E0EEB08-4669-4F24-A6C9-641436F89BF4}.Release|Mixed Platforms.ActiveCfg = Debug|.NET
		{5E0EEB08-4669-4F24-A6C9-641436F89BF4}.Release|Mixed Platforms.Build.0 = Debug|.NET
		{9A16CEEB-FC26-4D35-8F9E-42DA30212F69}.Debug|.NET.ActiveCfg = Debug|Any CPU
		{9A16CEEB-FC26-4D35-8F9E-42DA30212F69}.Debug|Any CPU.ActiveCfg = Debug|Any CPU
		{9A16CEEB-FC26-4D35-8F9E-42DA30212F69}.Debug|Any CPU.Build.0 = Debug|Any CPU
		{9A16CEEB-FC26-4D35-8F9E-42DA30212F69}.Debug|Mixed Platforms.ActiveCfg = Debug|Any CPU
		{9A16CEEB-FC26-4D35-8F9E-42DA30212F69}.Debug|Mixed Platforms.Build.0 = Debug|Any CPU
		{9A16CEEB-FC26-4D35-8F9E-42DA30212F69}.Release|.NET.ActiveCfg = Release|Any CPU
		{9A16CEEB-FC26-4D35-8F9E-42DA30212F69}.Release|Any CPU.ActiveCfg = Release|Any CPU
		{9A16CEEB-FC26-4D35-8F9E-42DA30212F69}.Release|Any CPU.Build.0 = Release|Any CPU
		{9A16CEEB-FC26-4D35-8F9E-42DA30212F69}.Release|Mixed Platforms.ActiveCfg = Release|Any CPU
		{9A16CEEB-FC26-4D35-8F9E-42DA30212F69}.Release|Mixed Platforms.Build.0 = Release|Any CPU
	EndGlobalSection
	GlobalSection(SolutionProperties) = preSolution
		HideSolutionNode = FALSE
	EndGlobalSection
EndGlobal
