Microsoft Visual Studio Solution File, Format Version 8.00
Project("{8BC9CEB8-8B4A-11D0-8D11-00A0C91BC942}") = "ibmmqseries", "ibmmqseries.vcproj", "{7E58A136-D0B9-47CE-B18F-7D2FB40088AB}"
	ProjectSection(ProjectDependencies) = postProject
	EndProjectSection
EndProject
Global
	GlobalSection(SolutionConfiguration) = preSolution
		Debug = Debug
		Release = Release
	EndGlobalSection
	GlobalSection(ProjectConfiguration) = postSolution
		{7E58A136-D0B9-47CE-B18F-7D2FB40088AB}.Debug.ActiveCfg = Debug|Win32
		{7E58A136-D0B9-47CE-B18F-7D2FB40088AB}.Debug.Build.0 = Debug|Win32
		{7E58A136-D0B9-47CE-B18F-7D2FB40088AB}.Release.ActiveCfg = Release|Win32
		{7E58A136-D0B9-47CE-B18F-7D2FB40088AB}.Release.Build.0 = Release|Win32
	EndGlobalSection
	GlobalSection(ExtensibilityGlobals) = postSolution
	EndGlobalSection
	GlobalSection(ExtensibilityAddIns) = postSolution
	EndGlobalSection
EndGlobal
